
Microsoft Visual Studio Solution File, Format Version 12.00
# Visual Studio Version 16
VisualStudioVersion = 16.0.32510.428
MinimumVisualStudioVersion = 10.0.40219.1
Project("{FAE04EC0-301F-11D3-BF4B-00C04F79EFBC}") = "CheckMoodle", "CheckMoodle.csproj", "{86C6300D-936F-4D2D-8786-D3B0F7E93B0B}"
EndProject
Global
	GlobalSection(SolutionConfigurationPlatforms) = preSolution
		Debug|Any CPU = Debug|Any CPU
		Release|Any CPU = Release|Any CPU
	EndGlobalSection
	GlobalSection(ProjectConfigurationPlatforms) = postSolution
		{86C6300D-936F-4D2D-8786-D3B0F7E93B0B}.Debug|Any CPU.ActiveCfg = Debug|Any CPU
		{86C6300D-936F-4D2D-8786-D3B0F7E93B0B}.Debug|Any CPU.Build.0 = Debug|Any CPU
		{86C6300D-936F-4D2D-8786-D3B0F7E93B0B}.Release|Any CPU.ActiveCfg = Release|Any CPU
		{86C6300D-936F-4D2D-8786-D3B0F7E93B0B}.Release|Any CPU.Build.0 = Release|Any CPU
	EndGlobalSection
	GlobalSection(SolutionProperties) = preSolution
		HideSolutionNode = FALSE
	EndGlobalSection
	GlobalSection(ExtensibilityGlobals) = postSolution
		SolutionGuid = {B02F83FF-3D74-4286-8D23-382E6EB97048}
	EndGlobalSection
EndGlobal
